
Microsoft Visual Studio Solution File, Format Version 12.00
# Visual Studio Version 16
VisualStudioVersion = 16.0.30907.101
MinimumVisualStudioVersion = 10.0.40219.1
Project("{FAE04EC0-301F-11D3-BF4B-00C04F79EFBC}") = "devops", "devops\devops.csproj", "{77E0DCB3-EB00-45F9-878E-4B5A4D1C49F3}"
EndProject
Global
	GlobalSection(SolutionConfigurationPlatforms) = preSolution
		Debug|Any CPU = Debug|Any CPU
		Release|Any CPU = Release|Any CPU
	EndGlobalSection
	GlobalSection(ProjectConfigurationPlatforms) = postSolution
		{77E0DCB3-EB00-45F9-878E-4B5A4D1C49F3}.Debug|Any CPU.ActiveCfg = Debug|Any CPU
		{77E0DCB3-EB00-45F9-878E-4B5A4D1C49F3}.Debug|Any CPU.Build.0 = Debug|Any CPU
		{77E0DCB3-EB00-45F9-878E-4B5A4D1C49F3}.Release|Any CPU.ActiveCfg = Release|Any CPU
		{77E0DCB3-EB00-45F9-878E-4B5A4D1C49F3}.Release|Any CPU.Build.0 = Release|Any CPU
	EndGlobalSection
	GlobalSection(SolutionProperties) = preSolution
		HideSolutionNode = FALSE
	EndGlobalSection
	GlobalSection(ExtensibilityGlobals) = postSolution
		SolutionGuid = {9AD60CB9-FC2A-4E5D-A6EF-7702CAB7E2D7}
	EndGlobalSection
EndGlobal
